
Microsoft Visual Studio Solution File, Format Version 12.00
# Visual Studio Version 17
VisualStudioVersion = 17.4.33205.214
MinimumVisualStudioVersion = 10.0.40219.1
Project("{9A19103F-16F7-4668-BE54-9A1E7A4F7556}") = "PythonAcademy", "PythonAcademy\PythonAcademy.csproj", "{4028B48E-AFBE-4D94-BB3A-D4F259654D27}"
EndProject
Project("{2150E333-8FDC-42A3-9474-1A3956D46DE8}") = "Solution Items", "Solution Items", "{7ED2988F-AFE0-4ADA-AE6B-940FA0BCBA8A}"
	ProjectSection(SolutionItems) = preProject
		.editorconfig = .editorconfig
	EndProjectSection
EndProject
Global
	GlobalSection(SolutionConfigurationPlatforms) = preSolution
		Debug|Any CPU = Debug|Any CPU
		Release|Any CPU = Release|Any CPU
	EndGlobalSection
	GlobalSection(ProjectConfigurationPlatforms) = postSolution
		{4028B48E-AFBE-4D94-BB3A-D4F259654D27}.Debug|Any CPU.ActiveCfg = Debug|Any CPU
		{4028B48E-AFBE-4D94-BB3A-D4F259654D27}.Debug|Any CPU.Build.0 = Debug|Any CPU
		{4028B48E-AFBE-4D94-BB3A-D4F259654D27}.Release|Any CPU.ActiveCfg = Release|Any CPU
		{4028B48E-AFBE-4D94-BB3A-D4F259654D27}.Release|Any CPU.Build.0 = Release|Any CPU
	EndGlobalSection
	GlobalSection(SolutionProperties) = preSolution
		HideSolutionNode = FALSE
	EndGlobalSection
	GlobalSection(ExtensibilityGlobals) = postSolution
		SolutionGuid = {5E2573E2-EA31-4285-9B10-1CE35DE4181B}
	EndGlobalSection
EndGlobal
